
Microsoft Visual Studio Solution File, Format Version 12.00
# Visual Studio Version 16
VisualStudioVersion = 16.0.32228.343
MinimumVisualStudioVersion = 10.0.40219.1
Project("{9A19103F-16F7-4668-BE54-9A1E7A4F7556}") = "KampIntroduction", "KampIntoduction\KampIntroduction.csproj", "{AE2215B3-A8D6-4123-A3DC-8DE383606760}"
EndProject
Project("{9A19103F-16F7-4668-BE54-9A1E7A4F7556}") = "Donguler101", "Donguler\Donguler101.csproj", "{B5704C8A-937C-43A4-9D58-C3C7370BD269}"
EndProject
Project("{9A19103F-16F7-4668-BE54-9A1E7A4F7556}") = "Class101", "Class\Class101.csproj", "{D14DAA7B-1FA1-4C2D-A8C1-370AB56D8CCE}"
EndProject
Project("{9A19103F-16F7-4668-BE54-9A1E7A4F7556}") = "Metotlar", "Metotlar\Metotlar.csproj", "{11C265BB-C7F1-4F97-9476-7F757217D98A}"
EndProject
Project("{9A19103F-16F7-4668-BE54-9A1E7A4F7556}") = "Matematik", "Matematik\Matematik.csproj", "{8437DA2F-5189-4FEB-9C9B-317A1F6ADAC1}"
EndProject
Project("{9A19103F-16F7-4668-BE54-9A1E7A4F7556}") = "DegerVeReferansTipler", "DegerVeReferansTipler\DegerVeReferansTipler.csproj", "{70C2D60B-6B39-4C7F-9F40-1DBDE1DD6DCF}"
EndProject
Project("{9A19103F-16F7-4668-BE54-9A1E7A4F7556}") = "OOP1", "OOP1\OOP1.csproj", "{F50FC8A2-8102-40DC-9F7C-6B92FF467261}"
EndProject
Project("{9A19103F-16F7-4668-BE54-9A1E7A4F7556}") = "Collections", "Collections\Collections.csproj", "{69328D9C-1E2A-4CDB-8463-8288954FAB78}"
EndProject
Project("{9A19103F-16F7-4668-BE54-9A1E7A4F7556}") = "GenericsIntro", "GenericsIntro\GenericsIntro.csproj", "{DE15D1EF-EF1A-420B-8022-EF79C5879B1C}"
EndProject
Project("{9A19103F-16F7-4668-BE54-9A1E7A4F7556}") = "OOP2", "OOP2\OOP2.csproj", "{9B43B82C-8C7C-4DAE-951F-C01418B5FE60}"
EndProject
Project("{FAE04EC0-301F-11D3-BF4B-00C04F79EFBC}") = "OOP3", "OOP3\OOP3.csproj", "{2C355197-3A1E-48A4-A496-F4A378AD0161}"
EndProject
Global
	GlobalSection(SolutionConfigurationPlatforms) = preSolution
		Debug|Any CPU = Debug|Any CPU
		Release|Any CPU = Release|Any CPU
	EndGlobalSection
	GlobalSection(ProjectConfigurationPlatforms) = postSolution
		{AE2215B3-A8D6-4123-A3DC-8DE383606760}.Debug|Any CPU.ActiveCfg = Debug|Any CPU
		{AE2215B3-A8D6-4123-A3DC-8DE383606760}.Debug|Any CPU.Build.0 = Debug|Any CPU
		{AE2215B3-A8D6-4123-A3DC-8DE383606760}.Release|Any CPU.ActiveCfg = Release|Any CPU
		{AE2215B3-A8D6-4123-A3DC-8DE383606760}.Release|Any CPU.Build.0 = Release|Any CPU
		{B5704C8A-937C-43A4-9D58-C3C7370BD269}.Debug|Any CPU.ActiveCfg = Debug|Any CPU
		{B5704C8A-937C-43A4-9D58-C3C7370BD269}.Debug|Any CPU.Build.0 = Debug|Any CPU
		{B5704C8A-937C-43A4-9D58-C3C7370BD269}.Release|Any CPU.ActiveCfg = Release|Any CPU
		{B5704C8A-937C-43A4-9D58-C3C7370BD269}.Release|Any CPU.Build.0 = Release|Any CPU
		{D14DAA7B-1FA1-4C2D-A8C1-370AB56D8CCE}.Debug|Any CPU.ActiveCfg = Debug|Any CPU
		{D14DAA7B-1FA1-4C2D-A8C1-370AB56D8CCE}.Debug|Any CPU.Build.0 = Debug|Any CPU
		{D14DAA7B-1FA1-4C2D-A8C1-370AB56D8CCE}.Release|Any CPU.ActiveCfg = Release|Any CPU
		{D14DAA7B-1FA1-4C2D-A8C1-370AB56D8CCE}.Release|Any CPU.Build.0 = Release|Any CPU
		{11C265BB-C7F1-4F97-9476-7F757217D98A}.Debug|Any CPU.ActiveCfg = Debug|Any CPU
		{11C265BB-C7F1-4F97-9476-7F757217D98A}.Debug|Any CPU.Build.0 = Debug|Any CPU
		{11C265BB-C7F1-4F97-9476-7F757217D98A}.Release|Any CPU.ActiveCfg = Release|Any CPU
		{11C265BB-C7F1-4F97-9476-7F757217D98A}.Release|Any CPU.Build.0 = Release|Any CPU
		{8437DA2F-5189-4FEB-9C9B-317A1F6ADAC1}.Debug|Any CPU.ActiveCfg = Debug|Any CPU
		{8437DA2F-5189-4FEB-9C9B-317A1F6ADAC1}.Debug|Any CPU.Build.0 = Debug|Any CPU
		{8437DA2F-5189-4FEB-9C9B-317A1F6ADAC1}.Release|Any CPU.ActiveCfg = Release|Any CPU
		{8437DA2F-5189-4FEB-9C9B-317A1F6ADAC1}.Release|Any CPU.Build.0 = Release|Any CPU
		{70C2D60B-6B39-4C7F-9F40-1DBDE1DD6DCF}.Debug|Any CPU.ActiveCfg = Debug|Any CPU
		{70C2D60B-6B39-4C7F-9F40-1DBDE1DD6DCF}.Debug|Any CPU.Build.0 = Debug|Any CPU
		{70C2D60B-6B39-4C7F-9F40-1DBDE1DD6DCF}.Release|Any CPU.ActiveCfg = Release|Any CPU
		{70C2D60B-6B39-4C7F-9F40-1DBDE1DD6DCF}.Release|Any CPU.Build.0 = Release|Any CPU
		{F50FC8A2-8102-40DC-9F7C-6B92FF467261}.Debug|Any CPU.ActiveCfg = Debug|Any CPU
		{F50FC8A2-8102-40DC-9F7C-6B92FF467261}.Debug|Any CPU.Build.0 = Debug|Any CPU
		{F50FC8A2-8102-40DC-9F7C-6B92FF467261}.Release|Any CPU.ActiveCfg = Release|Any CPU
		{F50FC8A2-8102-40DC-9F7C-6B92FF467261}.Release|Any CPU.Build.0 = Release|Any CPU
		{69328D9C-1E2A-4CDB-8463-8288954FAB78}.Debug|Any CPU.ActiveCfg = Debug|Any CPU
		{69328D9C-1E2A-4CDB-8463-8288954FAB78}.Debug|Any CPU.Build.0 = Debug|Any CPU
		{69328D9C-1E2A-4CDB-8463-8288954FAB78}.Release|Any CPU.ActiveCfg = Release|Any CPU
		{69328D9C-1E2A-4CDB-8463-8288954FAB78}.Release|Any CPU.Build.0 = Release|Any CPU
		{DE15D1EF-EF1A-420B-8022-EF79C5879B1C}.Debug|Any CPU.ActiveCfg = Debug|Any CPU
		{DE15D1EF-EF1A-420B-8022-EF79C5879B1C}.Debug|Any CPU.Build.0 = Debug|Any CPU
		{DE15D1EF-EF1A-420B-8022-EF79C5879B1C}.Release|Any CPU.ActiveCfg = Release|Any CPU
		{DE15D1EF-EF1A-420B-8022-EF79C5879B1C}.Release|Any CPU.Build.0 = Release|Any CPU
		{9B43B82C-8C7C-4DAE-951F-C01418B5FE60}.Debug|Any CPU.ActiveCfg = Debug|Any CPU
		{9B43B82C-8C7C-4DAE-951F-C01418B5FE60}.Debug|Any CPU.Build.0 = Debug|Any CPU
		{9B43B82C-8C7C-4DAE-951F-C01418B5FE60}.Release|Any CPU.ActiveCfg = Release|Any CPU
		{9B43B82C-8C7C-4DAE-951F-C01418B5FE60}.Release|Any CPU.Build.0 = Release|Any CPU
		{2C355197-3A1E-48A4-A496-F4A378AD0161}.Debug|Any CPU.ActiveCfg = Debug|Any CPU
		{2C355197-3A1E-48A4-A496-F4A378AD0161}.Debug|Any CPU.Build.0 = Debug|Any CPU
		{2C355197-3A1E-48A4-A496-F4A378AD0161}.Release|Any CPU.ActiveCfg = Release|Any CPU
		{2C355197-3A1E-48A4-A496-F4A378AD0161}.Release|Any CPU.Build.0 = Release|Any CPU
	EndGlobalSection
	GlobalSection(SolutionProperties) = preSolution
		HideSolutionNode = FALSE
	EndGlobalSection
	GlobalSection(ExtensibilityGlobals) = postSolution
		SolutionGuid = {A75B616F-2AD3-4C8A-96CD-F4ED65CE2F3C}
	EndGlobalSection
EndGlobal
